# @generated - this file is auto-generated by `mise lock` https://mise.en.dev/dev-tools/mise-lock.html

[[tools."aqua:EmbarkStudios/cargo-deny"]]
version = "0.19.9"
backend = "aqua:EmbarkStudios/cargo-deny"

[tools."aqua:EmbarkStudios/cargo-deny"."platforms.linux-arm64"]
checksum = "sha256:32580dcc2bc13fbeeb7c50edc38ef99c3b9ce9569a1d07a96e11b3b941f3e72e"
url = "https://github.com/EmbarkStudios/cargo-deny/releases/download/0.19.9/cargo-deny-0.19.9-aarch64-unknown-linux-musl.tar.gz"

[tools."aqua:EmbarkStudios/cargo-deny"."platforms.linux-arm64-musl"]
checksum = "sha256:32580dcc2bc13fbeeb7c50edc38ef99c3b9ce9569a1d07a96e11b3b941f3e72e"
url = "https://github.com/EmbarkStudios/cargo-deny/releases/download/0.19.9/cargo-deny-0.19.9-aarch64-unknown-linux-musl.tar.gz"

[tools."aqua:EmbarkStudios/cargo-deny"."platforms.linux-x64"]
checksum = "sha256:f1f8eedc2a3ac297c540873f93785d4104b102c0079506b2a6b3221b7ec956af"
url = "https://github.com/EmbarkStudios/cargo-deny/releases/download/0.19.9/cargo-deny-0.19.9-x86_64-unknown-linux-musl.tar.gz"

[tools."aqua:EmbarkStudios/cargo-deny"."platforms.linux-x64-musl"]
checksum = "sha256:f1f8eedc2a3ac297c540873f93785d4104b102c0079506b2a6b3221b7ec956af"
url = "https://github.com/EmbarkStudios/cargo-deny/releases/download/0.19.9/cargo-deny-0.19.9-x86_64-unknown-linux-musl.tar.gz"

[tools."aqua:EmbarkStudios/cargo-deny"."platforms.macos-arm64"]
checksum = "sha256:be6fd555e910ac360e25cbef4f16ead47d87d2545fa07aa27223ef0f9af1a02c"
url = "https://github.com/EmbarkStudios/cargo-deny/releases/download/0.19.9/cargo-deny-0.19.9-aarch64-apple-darwin.tar.gz"

[tools."aqua:EmbarkStudios/cargo-deny"."platforms.macos-x64"]
checksum = "sha256:3336724665a3aef124a9e4c79cb59968df36d21bfcda5ae596abe2a7874b1938"
url = "https://github.com/EmbarkStudios/cargo-deny/releases/download/0.19.9/cargo-deny-0.19.9-x86_64-apple-darwin.tar.gz"

[tools."aqua:EmbarkStudios/cargo-deny"."platforms.windows-x64"]
checksum = "sha256:a0f2b3da55444f1a354fcbd20ce4b94981ab8193c1b674362d4761905f31ffd0"
url = "https://github.com/EmbarkStudios/cargo-deny/releases/download/0.19.9/cargo-deny-0.19.9-x86_64-pc-windows-msvc.tar.gz"

[[tools."aqua:wasm-bindgen/wasm-pack"]]
version = "0.15.0"
backend = "aqua:wasm-bindgen/wasm-pack"

[tools."aqua:wasm-bindgen/wasm-pack"."platforms.linux-arm64"]
checksum = "sha256:e17ef0806381c3a0acb9c9ddad643a49facaa5a2ecf657a421d4d8f3357a24b7"
url = "https://github.com/wasm-bindgen/wasm-pack/releases/download/v0.15.0/wasm-pack-v0.15.0-aarch64-unknown-linux-musl.tar.gz"

[tools."aqua:wasm-bindgen/wasm-pack"."platforms.linux-arm64-musl"]
checksum = "sha256:e17ef0806381c3a0acb9c9ddad643a49facaa5a2ecf657a421d4d8f3357a24b7"
url = "https://github.com/wasm-bindgen/wasm-pack/releases/download/v0.15.0/wasm-pack-v0.15.0-aarch64-unknown-linux-musl.tar.gz"

[tools."aqua:wasm-bindgen/wasm-pack"."platforms.linux-x64"]
checksum = "sha256:c09f971ecaed9a2efc80fdcea7a00ef6b53c7fadc8c57d1f61b53a6aa66b668a"
url = "https://github.com/wasm-bindgen/wasm-pack/releases/download/v0.15.0/wasm-pack-v0.15.0-x86_64-unknown-linux-musl.tar.gz"

[tools."aqua:wasm-bindgen/wasm-pack"."platforms.linux-x64-musl"]
checksum = "sha256:c09f971ecaed9a2efc80fdcea7a00ef6b53c7fadc8c57d1f61b53a6aa66b668a"
url = "https://github.com/wasm-bindgen/wasm-pack/releases/download/v0.15.0/wasm-pack-v0.15.0-x86_64-unknown-linux-musl.tar.gz"

[tools."aqua:wasm-bindgen/wasm-pack"."platforms.macos-arm64"]
checksum = "sha256:d3f1a4a33e95f8f0d7801b024e08624c479999ac96aa150908b2394015cd0363"
url = "https://github.com/wasm-bindgen/wasm-pack/releases/download/v0.15.0/wasm-pack-v0.15.0-x86_64-apple-darwin.tar.gz"

[tools."aqua:wasm-bindgen/wasm-pack"."platforms.macos-x64"]
checksum = "sha256:d3f1a4a33e95f8f0d7801b024e08624c479999ac96aa150908b2394015cd0363"
url = "https://github.com/wasm-bindgen/wasm-pack/releases/download/v0.15.0/wasm-pack-v0.15.0-x86_64-apple-darwin.tar.gz"

[tools."aqua:wasm-bindgen/wasm-pack"."platforms.windows-x64"]
checksum = "sha256:518dc51180c7bc864699c9279b3bc99025bc109123e0249a34ba34d130a509bf"
url = "https://github.com/wasm-bindgen/wasm-pack/releases/download/v0.15.0/wasm-pack-v0.15.0-x86_64-pc-windows-msvc.tar.gz"

[[tools."cargo:cargo-docs-rs"]]
version = "1.0.4"
backend = "cargo:cargo-docs-rs"

[[tools."cargo:cargo-fuzz"]]
version = "0.13.2"
backend = "cargo:cargo-fuzz"

[[tools."cargo:cargo-llvm-cov"]]
version = "0.8.7"
backend = "cargo:cargo-llvm-cov"

[[tools."cargo:cargo-msrv"]]
version = "0.19.3"
backend = "cargo:cargo-msrv"

[[tools."cargo:cargo-nextest"]]
version = "0.9.138"
backend = "cargo:cargo-nextest"

[[tools."cargo:cargo-reedme"]]
version = "0.6.1"
backend = "cargo:cargo-reedme"

[[tools."cargo:cargo-semver-checks"]]
version = "0.48.0"
backend = "cargo:cargo-semver-checks"

[[tools."cargo:cargo-vet"]]
version = "0.10.2"
backend = "cargo:cargo-vet"

[[tools.wasmtime]]
version = "43.0.2"
backend = "aqua:bytecodealliance/wasmtime"

[tools.wasmtime."platforms.linux-arm64"]
checksum = "sha256:2febb5cdbe18992e5a87598e4f58afddb4509b4ae9a1b0ebe7af4e56e14039e8"
url = "https://github.com/bytecodealliance/wasmtime/releases/download/v43.0.2/wasmtime-v43.0.2-aarch64-linux.tar.xz"
provenance = "github-attestations"

[tools.wasmtime."platforms.linux-arm64-musl"]
checksum = "sha256:2febb5cdbe18992e5a87598e4f58afddb4509b4ae9a1b0ebe7af4e56e14039e8"
url = "https://github.com/bytecodealliance/wasmtime/releases/download/v43.0.2/wasmtime-v43.0.2-aarch64-linux.tar.xz"
provenance = "github-attestations"

[tools.wasmtime."platforms.linux-x64"]
checksum = "sha256:06a0b36fd70b6fe4efc3a52325907cbfbb7513c9e1faced9b12e1113d3b89980"
url = "https://github.com/bytecodealliance/wasmtime/releases/download/v43.0.2/wasmtime-v43.0.2-x86_64-linux.tar.xz"
provenance = "github-attestations"

[tools.wasmtime."platforms.linux-x64-musl"]
checksum = "sha256:06a0b36fd70b6fe4efc3a52325907cbfbb7513c9e1faced9b12e1113d3b89980"
url = "https://github.com/bytecodealliance/wasmtime/releases/download/v43.0.2/wasmtime-v43.0.2-x86_64-linux.tar.xz"
provenance = "github-attestations"

[tools.wasmtime."platforms.macos-arm64"]
checksum = "sha256:cbe9eeb255f128d0f7eca1b05c081b5fb825ecbcba9dfd2d8c53faa668ada85b"
url = "https://github.com/bytecodealliance/wasmtime/releases/download/v43.0.2/wasmtime-v43.0.2-aarch64-macos.tar.xz"
provenance = "github-attestations"

[tools.wasmtime."platforms.macos-x64"]
checksum = "sha256:34e3ad503a5cf2578489d5aa998ef1038bfb862aebc593a4411daf9f2851c34d"
url = "https://github.com/bytecodealliance/wasmtime/releases/download/v43.0.2/wasmtime-v43.0.2-x86_64-macos.tar.xz"
provenance = "github-attestations"

[tools.wasmtime."platforms.windows-x64"]
checksum = "sha256:9ccbc8f46d058425be56e694a7128f008cb660a7cfa302fff9836bb17a4bf5fe"
url = "https://github.com/bytecodealliance/wasmtime/releases/download/v43.0.2/wasmtime-v43.0.2-x86_64-windows.zip"
provenance = "github-attestations"

[[tools.zizmor]]
version = "1.25.2"
backend = "aqua:zizmorcore/zizmor"

[tools.zizmor."platforms.linux-arm64"]
checksum = "sha256:4b4b9491112c2a09b318101c0d3349b73af1c4f532e097dd6d0164f2abda760d"
url = "https://github.com/zizmorcore/zizmor/releases/download/v1.25.2/zizmor-aarch64-unknown-linux-gnu.tar.gz"
provenance = "github-attestations"

[tools.zizmor."platforms.linux-arm64-musl"]
provenance = "github-attestations"

[tools.zizmor."platforms.linux-x64"]
checksum = "sha256:aa1facd105f0d83fe5c55b1adcd9d7417de5d83aa27471f91dc0b66cf3803577"
url = "https://github.com/zizmorcore/zizmor/releases/download/v1.25.2/zizmor-x86_64-unknown-linux-gnu.tar.gz"
provenance = "github-attestations"

[tools.zizmor."platforms.linux-x64-musl"]
provenance = "github-attestations"

[tools.zizmor."platforms.macos-arm64"]
checksum = "sha256:624ef0e09521aecd862126be0f6d7754669af2646750d68ac48a114be33c3146"
url = "https://github.com/zizmorcore/zizmor/releases/download/v1.25.2/zizmor-aarch64-apple-darwin.tar.gz"
provenance = "github-attestations"

[tools.zizmor."platforms.macos-x64"]
checksum = "sha256:353271b9ec301dd4ba158af481323c831c6e9b494d5ac3f5aa58cf4b207699cc"
url = "https://github.com/zizmorcore/zizmor/releases/download/v1.25.2/zizmor-x86_64-apple-darwin.tar.gz"
provenance = "github-attestations"

[tools.zizmor."platforms.windows-x64"]
checksum = "sha256:65d46a8144f701200621b580f632076d80d082d60856de9f88793a95fb5882d7"
url = "https://github.com/zizmorcore/zizmor/releases/download/v1.25.2/zizmor-x86_64-pc-windows-msvc.zip"
provenance = "github-attestations"
